
Microsoft Visual Studio Solution File, Format Version 12.00
# Visual Studio Version 17
VisualStudioVersion = 17.9.34723.18
MinimumVisualStudioVersion = 10.0.40219.1
Project("{FAE04EC0-301F-11D3-BF4B-00C04F79EFBC}") = "MySchedulingVKR", "MySchedulingVKR\MySchedulingVKR.csproj", "{52D2629B-FF9F-4BE2-8A1E-E1197FF27FAE}"
EndProject
Global
	GlobalSection(SolutionConfigurationPlatforms) = preSolution
		Debug|Any CPU = Debug|Any CPU
		Release|Any CPU = Release|Any CPU
	EndGlobalSection
	GlobalSection(ProjectConfigurationPlatforms) = postSolution
		{52D2629B-FF9F-4BE2-8A1E-E1197FF27FAE}.Debug|Any CPU.ActiveCfg = Debug|Any CPU
		{52D2629B-FF9F-4BE2-8A1E-E1197FF27FAE}.Debug|Any CPU.Build.0 = Debug|Any CPU
		{52D2629B-FF9F-4BE2-8A1E-E1197FF27FAE}.Release|Any CPU.ActiveCfg = Release|Any CPU
		{52D2629B-FF9F-4BE2-8A1E-E1197FF27FAE}.Release|Any CPU.Build.0 = Release|Any CPU
	EndGlobalSection
	GlobalSection(SolutionProperties) = preSolution
		HideSolutionNode = FALSE
	EndGlobalSection
	GlobalSection(ExtensibilityGlobals) = postSolution
		SolutionGuid = {A386B512-0036-4A13-BE94-9F3A903A1E57}
	EndGlobalSection
EndGlobal
